
Microsoft Visual Studio Solution File, Format Version 12.00
# Visual Studio Version 17
VisualStudioVersion = 17.4.33403.182
MinimumVisualStudioVersion = 10.0.40219.1
Project("{9A19103F-16F7-4668-BE54-9A1E7A4F7556}") = "ShopOnline.Api", "ShopOnline.Api\ShopOnline.Api.csproj", "{C741F071-7CEF-4D75-BC85-2AFB0F36A930}"
EndProject
Project("{FAE04EC0-301F-11D3-BF4B-00C04F79EFBC}") = "ShopOnline.Web", "ShopOnline.Web\ShopOnline.Web.csproj", "{3124D421-3B28-42C8-9E4C-F9A48B558D91}"
EndProject
Project("{FAE04EC0-301F-11D3-BF4B-00C04F79EFBC}") = "ShopOnline.Models", "ShopOnline.Models\ShopOnline.Models.csproj", "{B4600176-03AD-4B70-9BDC-B0B0E5702EDA}"
EndProject
Global
	GlobalSection(SolutionConfigurationPlatforms) = preSolution
		Debug|Any CPU = Debug|Any CPU
		Release|Any CPU = Release|Any CPU
	EndGlobalSection
	GlobalSection(ProjectConfigurationPlatforms) = postSolution
		{C741F071-7CEF-4D75-BC85-2AFB0F36A930}.Debug|Any CPU.ActiveCfg = Debug|Any CPU
		{C741F071-7CEF-4D75-BC85-2AFB0F36A930}.Debug|Any CPU.Build.0 = Debug|Any CPU
		{C741F071-7CEF-4D75-BC85-2AFB0F36A930}.Release|Any CPU.ActiveCfg = Release|Any CPU
		{C741F071-7CEF-4D75-BC85-2AFB0F36A930}.Release|Any CPU.Build.0 = Release|Any CPU
		{3124D421-3B28-42C8-9E4C-F9A48B558D91}.Debug|Any CPU.ActiveCfg = Debug|Any CPU
		{3124D421-3B28-42C8-9E4C-F9A48B558D91}.Debug|Any CPU.Build.0 = Debug|Any CPU
		{3124D421-3B28-42C8-9E4C-F9A48B558D91}.Release|Any CPU.ActiveCfg = Release|Any CPU
		{3124D421-3B28-42C8-9E4C-F9A48B558D91}.Release|Any CPU.Build.0 = Release|Any CPU
		{B4600176-03AD-4B70-9BDC-B0B0E5702EDA}.Debug|Any CPU.ActiveCfg = Debug|Any CPU
		{B4600176-03AD-4B70-9BDC-B0B0E5702EDA}.Debug|Any CPU.Build.0 = Debug|Any CPU
		{B4600176-03AD-4B70-9BDC-B0B0E5702EDA}.Release|Any CPU.ActiveCfg = Release|Any CPU
		{B4600176-03AD-4B70-9BDC-B0B0E5702EDA}.Release|Any CPU.Build.0 = Release|Any CPU
	EndGlobalSection
	GlobalSection(SolutionProperties) = preSolution
		HideSolutionNode = FALSE
	EndGlobalSection
	GlobalSection(ExtensibilityGlobals) = postSolution
		SolutionGuid = {1E6646E5-0C2D-4387-AC16-C2709D613332}
	EndGlobalSection
EndGlobal
